// !$*UTF8*$!
{
	archiveVersion = 1;
	classes = {
	};
	objectVersion = 56;
	objects = {

/* Begin PBXBuildFile section */
		7F337E8F2B46968C0089ACAF /* LandmarksApp.swift in Sources */ = {isa = PBXBuildFile; fileRef = 7F337E8E2B46968C0089ACAF /* LandmarksApp.swift */; };
		7F337E912B46968C0089ACAF /* ContentView.swift in Sources */ = {isa = PBXBuildFile; fileRef = 7F337E902B46968C0089ACAF /* ContentView.swift */; };
		7F337E932B46968F0089ACAF /* Assets.xcassets in Resources */ = {isa = PBXBuildFile; fileRef = 7F337E922B46968F0089ACAF /* Assets.xcassets */; };
		7F337E962B46968F0089ACAF /* Preview Assets.xcassets in Resources */ = {isa = PBXBuildFile; fileRef = 7F337E952B46968F0089ACAF /* Preview Assets.xcassets */; };
		7F337E9D2B46A3670089ACAF /* CircleImage.swift in Sources */ = {isa = PBXBuildFile; fileRef = 7F337E9C2B46A3670089ACAF /* CircleImage.swift */; };
		7F337E9F2B46A5560089ACAF /* MapView.swift in Sources */ = {isa = PBXBuildFile; fileRef = 7F337E9E2B46A5560089ACAF /* MapView.swift */; };
		7F337EA12B46B4790089ACAF /* Landmark.swift in Sources */ = {isa = PBXBuildFile; fileRef = 7F337EA02B46B4790089ACAF /* Landmark.swift */; };
		7F337EA32B46B56A0089ACAF /* landmarkData.json in Resources */ = {isa = PBXBuildFile; fileRef = 7F337EA22B46B56A0089ACAF /* landmarkData.json */; };
		7F337EA52B46B94A0089ACAF /* ModelData.swift in Sources */ = {isa = PBXBuildFile; fileRef = 7F337EA42B46B94A0089ACAF /* ModelData.swift */; };
		7F337EAE2B46C2110089ACAF /* LandmarkRow.swift in Sources */ = {isa = PBXBuildFile; fileRef = 7F337EAD2B46C2110089ACAF /* LandmarkRow.swift */; };
		7F337EB02B47A92D0089ACAF /* LandmarkList.swift in Sources */ = {isa = PBXBuildFile; fileRef = 7F337EAF2B47A92D0089ACAF /* LandmarkList.swift */; };
		7F337EB22B47B19F0089ACAF /* LandmarkDetail.swift in Sources */ = {isa = PBXBuildFile; fileRef = 7F337EB12B47B19F0089ACAF /* LandmarkDetail.swift */; };
		7F337EB62B4826AC0089ACAF /* FavoriteButton.swift in Sources */ = {isa = PBXBuildFile; fileRef = 7F337EB52B4826AC0089ACAF /* FavoriteButton.swift */; };
		7F337EBA2B492E040089ACAF /* HexagonParameters.swift in Sources */ = {isa = PBXBuildFile; fileRef = 7F337EB92B492E040089ACAF /* HexagonParameters.swift */; };
		7F337EBC2B49364D0089ACAF /* BadgeBackground.swift in Sources */ = {isa = PBXBuildFile; fileRef = 7F337EBB2B49364D0089ACAF /* BadgeBackground.swift */; };
		7F337EBE2B49522E0089ACAF /* BadgeSymbol.swift in Sources */ = {isa = PBXBuildFile; fileRef = 7F337EBD2B49522E0089ACAF /* BadgeSymbol.swift */; };
		7F337EC02B495A010089ACAF /* RotatedBadgeSymbol.swift in Sources */ = {isa = PBXBuildFile; fileRef = 7F337EBF2B495A010089ACAF /* RotatedBadgeSymbol.swift */; };
		7F337EC22B495B9D0089ACAF /* Badge.swift in Sources */ = {isa = PBXBuildFile; fileRef = 7F337EC12B495B9D0089ACAF /* Badge.swift */; };
		7F337EC52B49661B0089ACAF /* hikeData.json in Resources */ = {isa = PBXBuildFile; fileRef = 7F337EC42B49661B0089ACAF /* hikeData.json */; };
		7F337EC72B4966C00089ACAF /* Hike.swift in Sources */ = {isa = PBXBuildFile; fileRef = 7F337EC62B4966C00089ACAF /* Hike.swift */; };
		7F337ECD2B4969FA0089ACAF /* GraphCapsule.swift in Sources */ = {isa = PBXBuildFile; fileRef = 7F337EC92B4969FA0089ACAF /* GraphCapsule.swift */; };
		7F337ECE2B4969FA0089ACAF /* HikeGraph.swift in Sources */ = {isa = PBXBuildFile; fileRef = 7F337ECA2B4969FA0089ACAF /* HikeGraph.swift */; };
		7F337ECF2B4969FA0089ACAF /* HikeDetail.swift in Sources */ = {isa = PBXBuildFile; fileRef = 7F337ECB2B4969FA0089ACAF /* HikeDetail.swift */; };
		7F337ED02B4969FA0089ACAF /* HikeView.swift in Sources */ = {isa = PBXBuildFile; fileRef = 7F337ECC2B4969FA0089ACAF /* HikeView.swift */; };
		7F337ED22B4BA0320089ACAF /* CategoryHome.swift in Sources */ = {isa = PBXBuildFile; fileRef = 7F337ED12B4BA0320089ACAF /* CategoryHome.swift */; };
/* End PBXBuildFile section */

/* Begin PBXFileReference section */
		7F337E8B2B46968C0089ACAF /* Landmarks.app */ = {isa = PBXFileReference; explicitFileType = wrapper.application; includeInIndex = 0; path = Landmarks.app; sourceTree = BUILT_PRODUCTS_DIR; };
		7F337E8E2B46968C0089ACAF /* LandmarksApp.swift */ = {isa = PBXFileReference; lastKnownFileType = sourcecode.swift; path = LandmarksApp.swift; sourceTree = "<group>"; };
		7F337E902B46968C0089ACAF /* ContentView.swift */ = {isa = PBXFileReference; lastKnownFileType = sourcecode.swift; path = ContentView.swift; sourceTree = "<group>"; };
		7F337E922B46968F0089ACAF /* Assets.xcassets */ = {isa = PBXFileReference; lastKnownFileType = folder.assetcatalog; path = Assets.xcassets; sourceTree = "<group>"; };
		7F337E952B46968F0089ACAF /* Preview Assets.xcassets */ = {isa = PBXFileReference; lastKnownFileType = folder.assetcatalog; path = "Preview Assets.xcassets"; sourceTree = "<group>"; };
		7F337E9C2B46A3670089ACAF /* CircleImage.swift */ = {isa = PBXFileReference; lastKnownFileType = sourcecode.swift; path = CircleImage.swift; sourceTree = "<group>"; };
		7F337E9E2B46A5560089ACAF /* MapView.swift */ = {isa = PBXFileReference; lastKnownFileType = sourcecode.swift; path = MapView.swift; sourceTree = "<group>"; };
		7F337EA02B46B4790089ACAF /* Landmark.swift */ = {isa = PBXFileReference; lastKnownFileType = sourcecode.swift; path = Landmark.swift; sourceTree = "<group>"; };
		7F337EA22B46B56A0089ACAF /* landmarkData.json */ = {isa = PBXFileReference; fileEncoding = 4; lastKnownFileType = text.json; path = landmarkData.json; sourceTree = "<group>"; };
		7F337EA42B46B94A0089ACAF /* ModelData.swift */ = {isa = PBXFileReference; lastKnownFileType = sourcecode.swift; path = ModelData.swift; sourceTree = "<group>"; };
		7F337EAD2B46C2110089ACAF /* LandmarkRow.swift */ = {isa = PBXFileReference; lastKnownFileType = sourcecode.swift; path = LandmarkRow.swift; sourceTree = "<group>"; };
		7F337EAF2B47A92D0089ACAF /* LandmarkList.swift */ = {isa = PBXFileReference; lastKnownFileType = sourcecode.swift; path = LandmarkList.swift; sourceTree = "<group>"; };
		7F337EB12B47B19F0089ACAF /* LandmarkDetail.swift */ = {isa = PBXFileReference; lastKnownFileType = sourcecode.swift; path = LandmarkDetail.swift; sourceTree = "<group>"; };
		7F337EB52B4826AC0089ACAF /* FavoriteButton.swift */ = {isa = PBXFileReference; lastKnownFileType = sourcecode.swift; path = FavoriteButton.swift; sourceTree = "<group>"; };
		7F337EB92B492E040089ACAF /* HexagonParameters.swift */ = {isa = PBXFileReference; lastKnownFileType = sourcecode.swift; path = HexagonParameters.swift; sourceTree = "<group>"; };
		7F337EBB2B49364D0089ACAF /* BadgeBackground.swift */ = {isa = PBXFileReference; lastKnownFileType = sourcecode.swift; path = BadgeBackground.swift; sourceTree = "<group>"; };
		7F337EBD2B49522E0089ACAF /* BadgeSymbol.swift */ = {isa = PBXFileReference; lastKnownFileType = sourcecode.swift; path = BadgeSymbol.swift; sourceTree = "<group>"; };
		7F337EBF2B495A010089ACAF /* RotatedBadgeSymbol.swift */ = {isa = PBXFileReference; lastKnownFileType = sourcecode.swift; path = RotatedBadgeSymbol.swift; sourceTree = "<group>"; };
		7F337EC12B495B9D0089ACAF /* Badge.swift */ = {isa = PBXFileReference; lastKnownFileType = sourcecode.swift; path = Badge.swift; sourceTree = "<group>"; };
		7F337EC42B49661B0089ACAF /* hikeData.json */ = {isa = PBXFileReference; fileEncoding = 4; lastKnownFileType = text.json; path = hikeData.json; sourceTree = "<group>"; };
		7F337EC62B4966C00089ACAF /* Hike.swift */ = {isa = PBXFileReference; lastKnownFileType = sourcecode.swift; path = Hike.swift; sourceTree = "<group>"; };
		7F337EC92B4969FA0089ACAF /* GraphCapsule.swift */ = {isa = PBXFileReference; fileEncoding = 4; lastKnownFileType = sourcecode.swift; path = GraphCapsule.swift; sourceTree = "<group>"; };
		7F337ECA2B4969FA0089ACAF /* HikeGraph.swift */ = {isa = PBXFileReference; fileEncoding = 4; lastKnownFileType = sourcecode.swift; path = HikeGraph.swift; sourceTree = "<group>"; };
		7F337ECB2B4969FA0089ACAF /* HikeDetail.swift */ = {isa = PBXFileReference; fileEncoding = 4; lastKnownFileType = sourcecode.swift; path = HikeDetail.swift; sourceTree = "<group>"; };
		7F337ECC2B4969FA0089ACAF /* HikeView.swift */ = {isa = PBXFileReference; fileEncoding = 4; lastKnownFileType = sourcecode.swift; path = HikeView.swift; sourceTree = "<group>"; };
		7F337ED12B4BA0320089ACAF /* CategoryHome.swift */ = {isa = PBXFileReference; lastKnownFileType = sourcecode.swift; path = CategoryHome.swift; sourceTree = "<group>"; };
/* End PBXFileReference section */

/* Begin PBXFrameworksBuildPhase section */
		7F337E882B46968C0089ACAF /* Frameworks */ = {
			isa = PBXFrameworksBuildPhase;
			buildActionMask = 2147483647;
			files = (
			);
			runOnlyForDeploymentPostprocessing = 0;
		};
/* End PBXFrameworksBuildPhase section */

/* Begin PBXGroup section */
		7F337E822B46968C0089ACAF = {
			isa = PBXGroup;
			children = (
				7F337E8D2B46968C0089ACAF /* Landmarks */,
				7F337E8C2B46968C0089ACAF /* Products */,
			);
			sourceTree = "<group>";
		};
		7F337E8C2B46968C0089ACAF /* Products */ = {
			isa = PBXGroup;
			children = (
				7F337E8B2B46968C0089ACAF /* Landmarks.app */,
			);
			name = Products;
			sourceTree = "<group>";
		};
		7F337E8D2B46968C0089ACAF /* Landmarks */ = {
			isa = PBXGroup;
			children = (
				7F337EA82B46BFF30089ACAF /* Views */,
				7F337EA72B46BFF10089ACAF /* Model */,
				7F337EA62B46BFEB0089ACAF /* Resources */,
				7F337E8E2B46968C0089ACAF /* LandmarksApp.swift */,
				7F337E922B46968F0089ACAF /* Assets.xcassets */,
				7F337E942B46968F0089ACAF /* Preview Content */,
			);
			path = Landmarks;
			sourceTree = "<group>";
		};
		7F337E942B46968F0089ACAF /* Preview Content */ = {
			isa = PBXGroup;
			children = (
				7F337E952B46968F0089ACAF /* Preview Assets.xcassets */,
			);
			path = "Preview Content";
			sourceTree = "<group>";
		};
		7F337EA62B46BFEB0089ACAF /* Resources */ = {
			isa = PBXGroup;
			children = (
				7F337EC42B49661B0089ACAF /* hikeData.json */,
				7F337EA22B46B56A0089ACAF /* landmarkData.json */,
			);
			path = Resources;
			sourceTree = "<group>";
		};
		7F337EA72B46BFF10089ACAF /* Model */ = {
			isa = PBXGroup;
			children = (
				7F337EA42B46B94A0089ACAF /* ModelData.swift */,
				7F337EA02B46B4790089ACAF /* Landmark.swift */,
				7F337EC62B4966C00089ACAF /* Hike.swift */,
			);
			path = Model;
			sourceTree = "<group>";
		};
		7F337EA82B46BFF30089ACAF /* Views */ = {
			isa = PBXGroup;
			children = (
				7F337EC82B4969FA0089ACAF /* Hikes */,
				7F337EC32B495EC50089ACAF /* Badges */,
				7F337EB82B48282A0089ACAF /* Helper */,
				7F337EB72B4828020089ACAF /* Landmarks */,
				7F337E902B46968C0089ACAF /* ContentView.swift */,
				7F337ED12B4BA0320089ACAF /* CategoryHome.swift */,
			);
			path = Views;
			sourceTree = "<group>";
		};
		7F337EB72B4828020089ACAF /* Landmarks */ = {
			isa = PBXGroup;
			children = (
				7F337EB12B47B19F0089ACAF /* LandmarkDetail.swift */,
				7F337EAD2B46C2110089ACAF /* LandmarkRow.swift */,
				7F337EAF2B47A92D0089ACAF /* LandmarkList.swift */,
			);
			path = Landmarks;
			sourceTree = "<group>";
		};
		7F337EB82B48282A0089ACAF /* Helper */ = {
			isa = PBXGroup;
			children = (
				7F337EB52B4826AC0089ACAF /* FavoriteButton.swift */,
				7F337E9C2B46A3670089ACAF /* CircleImage.swift */,
				7F337E9E2B46A5560089ACAF /* MapView.swift */,
			);
			path = Helper;
			sourceTree = "<group>";
		};
		7F337EC32B495EC50089ACAF /* Badges */ = {
			isa = PBXGroup;
			children = (
				7F337EB92B492E040089ACAF /* HexagonParameters.swift */,
				7F337EBB2B49364D0089ACAF /* BadgeBackground.swift */,
				7F337EBD2B49522E0089ACAF /* BadgeSymbol.swift */,
				7F337EBF2B495A010089ACAF /* RotatedBadgeSymbol.swift */,
				7F337EC12B495B9D0089ACAF /* Badge.swift */,
			);
			path = Badges;
			sourceTree = "<group>";
		};
		7F337EC82B4969FA0089ACAF /* Hikes */ = {
			isa = PBXGroup;
			children = (
				7F337EC92B4969FA0089ACAF /* GraphCapsule.swift */,
				7F337ECA2B4969FA0089ACAF /* HikeGraph.swift */,
				7F337ECB2B4969FA0089ACAF /* HikeDetail.swift */,
				7F337ECC2B4969FA0089ACAF /* HikeView.swift */,
			);
			path = Hikes;
			sourceTree = "<group>";
		};
/* End PBXGroup section */

/* Begin PBXNativeTarget section */
		7F337E8A2B46968C0089ACAF /* Landmarks */ = {
			isa = PBXNativeTarget;
			buildConfigurationList = 7F337E992B46968F0089ACAF /* Build configuration list for PBXNativeTarget "Landmarks" */;
			buildPhases = (
				7F337E872B46968C0089ACAF /* Sources */,
				7F337E882B46968C0089ACAF /* Frameworks */,
				7F337E892B46968C0089ACAF /* Resources */,
			);
			buildRules = (
			);
			dependencies = (
			);
			name = Landmarks;
			productName = Landmarks;
			productReference = 7F337E8B2B46968C0089ACAF /* Landmarks.app */;
			productType = "com.apple.product-type.application";
		};
/* End PBXNativeTarget section */

/* Begin PBXProject section */
		7F337E832B46968C0089ACAF /* Project object */ = {
			isa = PBXProject;
			attributes = {
				BuildIndependentTargetsInParallel = 1;
				LastSwiftUpdateCheck = 1500;
				LastUpgradeCheck = 1500;
				TargetAttributes = {
					7F337E8A2B46968C0089ACAF = {
						CreatedOnToolsVersion = 15.0.1;
					};
				};
			};
			buildConfigurationList = 7F337E862B46968C0089ACAF /* Build configuration list for PBXProject "Landmarks" */;
			compatibilityVersion = "Xcode 14.0";
			developmentRegion = en;
			hasScannedForEncodings = 0;
			knownRegions = (
				en,
				Base,
			);
			mainGroup = 7F337E822B46968C0089ACAF;
			productRefGroup = 7F337E8C2B46968C0089ACAF /* Products */;
			projectDirPath = "";
			projectRoot = "";
			targets = (
				7F337E8A2B46968C0089ACAF /* Landmarks */,
			);
		};
/* End PBXProject section */

/* Begin PBXResourcesBuildPhase section */
		7F337E892B46968C0089ACAF /* Resources */ = {
			isa = PBXResourcesBuildPhase;
			buildActionMask = 2147483647;
			files = (
				7F337EC52B49661B0089ACAF /* hikeData.json in Resources */,
				7F337E962B46968F0089ACAF /* Preview Assets.xcassets in Resources */,
				7F337E932B46968F0089ACAF /* Assets.xcassets in Resources */,
				7F337EA32B46B56A0089ACAF /* landmarkData.json in Resources */,
			);
			runOnlyForDeploymentPostprocessing = 0;
		};
/* End PBXResourcesBuildPhase section */

/* Begin PBXSourcesBuildPhase section */
		7F337E872B46968C0089ACAF /* Sources */ = {
			isa = PBXSourcesBuildPhase;
			buildActionMask = 2147483647;
			files = (
				7F337E912B46968C0089ACAF /* ContentView.swift in Sources */,
				7F337ECE2B4969FA0089ACAF /* HikeGraph.swift in Sources */,
				7F337EC22B495B9D0089ACAF /* Badge.swift in Sources */,
				7F337EA12B46B4790089ACAF /* Landmark.swift in Sources */,
				7F337ECD2B4969FA0089ACAF /* GraphCapsule.swift in Sources */,
				7F337E9F2B46A5560089ACAF /* MapView.swift in Sources */,
				7F337EB62B4826AC0089ACAF /* FavoriteButton.swift in Sources */,
				7F337ECF2B4969FA0089ACAF /* HikeDetail.swift in Sources */,
				7F337EBA2B492E040089ACAF /* HexagonParameters.swift in Sources */,
				7F337EC72B4966C00089ACAF /* Hike.swift in Sources */,
				7F337EC02B495A010089ACAF /* RotatedBadgeSymbol.swift in Sources */,
				7F337EBE2B49522E0089ACAF /* BadgeSymbol.swift in Sources */,
				7F337EB02B47A92D0089ACAF /* LandmarkList.swift in Sources */,
				7F337ED02B4969FA0089ACAF /* HikeView.swift in Sources */,
				7F337EB22B47B19F0089ACAF /* LandmarkDetail.swift in Sources */,
				7F337EBC2B49364D0089ACAF /* BadgeBackground.swift in Sources */,
				7F337E8F2B46968C0089ACAF /* LandmarksApp.swift in Sources */,
				7F337E9D2B46A3670089ACAF /* CircleImage.swift in Sources */,
				7F337EAE2B46C2110089ACAF /* LandmarkRow.swift in Sources */,
				7F337EA52B46B94A0089ACAF /* ModelData.swift in Sources */,
				7F337ED22B4BA0320089ACAF /* CategoryHome.swift in Sources */,
			);
			runOnlyForDeploymentPostprocessing = 0;
		};
/* End PBXSourcesBuildPhase section */

/* Begin XCBuildConfiguration section */
		7F337E972B46968F0089ACAF /* Debug */ = {
			isa = XCBuildConfiguration;
			buildSettings = {
				ALWAYS_SEARCH_USER_PATHS = NO;
				ASSETCATALOG_COMPILER_GENERATE_SWIFT_ASSET_SYMBOL_EXTENSIONS = YES;
				CLANG_ANALYZER_NONNULL = YES;
				CLANG_ANALYZER_NUMBER_OBJECT_CONVERSION = YES_AGGRESSIVE;
				CLANG_CXX_LANGUAGE_STANDARD = "gnu++20";
				CLANG_ENABLE_MODULES = YES;
				CLANG_ENABLE_OBJC_ARC = YES;
				CLANG_ENABLE_OBJC_WEAK = YES;
				CLANG_WARN_BLOCK_CAPTURE_AUTORELEASING = YES;
				CLANG_WARN_BOOL_CONVERSION = YES;
				CLANG_WARN_COMMA = YES;
				CLANG_WARN_CONSTANT_CONVERSION = YES;
				CLANG_WARN_DEPRECATED_OBJC_IMPLEMENTATIONS = YES;
				CLANG_WARN_DIRECT_OBJC_ISA_USAGE = YES_ERROR;
				CLANG_WARN_DOCUMENTATION_COMMENTS = YES;
				CLANG_WARN_EMPTY_BODY = YES;
				CLANG_WARN_ENUM_CONVERSION = YES;
				CLANG_WARN_INFINITE_RECURSION = YES;
				CLANG_WARN_INT_CONVERSION = YES;
				CLANG_WARN_NON_LITERAL_NULL_CONVERSION = YES;
				CLANG_WARN_OBJC_IMPLICIT_RETAIN_SELF = YES;
				CLANG_WARN_OBJC_LITERAL_CONVERSION = YES;
				CLANG_WARN_OBJC_ROOT_CLASS = YES_ERROR;
				CLANG_WARN_QUOTED_INCLUDE_IN_FRAMEWORK_HEADER = YES;
				CLANG_WARN_RANGE_LOOP_ANALYSIS = YES;
				CLANG_WARN_STRICT_PROTOTYPES = YES;
				CLANG_WARN_SUSPICIOUS_MOVE = YES;
				CLANG_WARN_UNGUARDED_AVAILABILITY = YES_AGGRESSIVE;
				CLANG_WARN_UNREACHABLE_CODE = YES;
				CLANG_WARN__DUPLICATE_METHOD_MATCH = YES;
				COPY_PHASE_STRIP = NO;
				DEBUG_INFORMATION_FORMAT = dwarf;
				ENABLE_STRICT_OBJC_MSGSEND = YES;
				ENABLE_TESTABILITY = YES;
				ENABLE_USER_SCRIPT_SANDBOXING = YES;
				GCC_C_LANGUAGE_STANDARD = gnu17;
				GCC_DYNAMIC_NO_PIC = NO;
				GCC_NO_COMMON_BLOCKS = YES;
				GCC_OPTIMIZATION_LEVEL = 0;
				GCC_PREPROCESSOR_DEFINITIONS = (
					"DEBUG=1",
					"$(inherited)",
				);
				GCC_WARN_64_TO_32_BIT_CONVERSION = YES;
				GCC_WARN_ABOUT_RETURN_TYPE = YES_ERROR;
				GCC_WARN_UNDECLARED_SELECTOR = YES;
				GCC_WARN_UNINITIALIZED_AUTOS = YES_AGGRESSIVE;
				GCC_WARN_UNUSED_FUNCTION = YES;
				GCC_WARN_UNUSED_VARIABLE = YES;
				IPHONEOS_DEPLOYMENT_TARGET = 17.0;
				LOCALIZATION_PREFERS_STRING_CATALOGS = YES;
				MTL_ENABLE_DEBUG_INFO = INCLUDE_SOURCE;
				MTL_FAST_MATH = YES;
				ONLY_ACTIVE_ARCH = YES;
				SDKROOT = iphoneos;
				SWIFT_ACTIVE_COMPILATION_CONDITIONS = "DEBUG $(inherited)";
				SWIFT_OPTIMIZATION_LEVEL = "-Onone";
			};
			name = Debug;
		};
		7F337E982B46968F0089ACAF /* Release */ = {
			isa = XCBuildConfiguration;
			buildSettings = {
				ALWAYS_SEARCH_USER_PATHS = NO;
				ASSETCATALOG_COMPILER_GENERATE_SWIFT_ASSET_SYMBOL_EXTENSIONS = YES;
				CLANG_ANALYZER_NONNULL = YES;
				CLANG_ANALYZER_NUMBER_OBJECT_CONVERSION = YES_AGGRESSIVE;
				CLANG_CXX_LANGUAGE_STANDARD = "gnu++20";
				CLANG_ENABLE_MODULES = YES;
				CLANG_ENABLE_OBJC_ARC = YES;
				CLANG_ENABLE_OBJC_WEAK = YES;
				CLANG_WARN_BLOCK_CAPTURE_AUTORELEASING = YES;
				CLANG_WARN_BOOL_CONVERSION = YES;
				CLANG_WARN_COMMA = YES;
				CLANG_WARN_CONSTANT_CONVERSION = YES;
				CLANG_WARN_DEPRECATED_OBJC_IMPLEMENTATIONS = YES;
				CLANG_WARN_DIRECT_OBJC_ISA_USAGE = YES_ERROR;
				CLANG_WARN_DOCUMENTATION_COMMENTS = YES;
				CLANG_WARN_EMPTY_BODY = YES;
				CLANG_WARN_ENUM_CONVERSION = YES;
				CLANG_WARN_INFINITE_RECURSION = YES;
				CLANG_WARN_INT_CONVERSION = YES;
				CLANG_WARN_NON_LITERAL_NULL_CONVERSION = YES;
				CLANG_WARN_OBJC_IMPLICIT_RETAIN_SELF = YES;
				CLANG_WARN_OBJC_LITERAL_CONVERSION = YES;
				CLANG_WARN_OBJC_ROOT_CLASS = YES_ERROR;
				CLANG_WARN_QUOTED_INCLUDE_IN_FRAMEWORK_HEADER = YES;
				CLANG_WARN_RANGE_LOOP_ANALYSIS = YES;
				CLANG_WARN_STRICT_PROTOTYPES = YES;
				CLANG_WARN_SUSPICIOUS_MOVE = YES;
				CLANG_WARN_UNGUARDED_AVAILABILITY = YES_AGGRESSIVE;
				CLANG_WARN_UNREACHABLE_CODE = YES;
				CLANG_WARN__DUPLICATE_METHOD_MATCH = YES;
				COPY_PHASE_STRIP = NO;
				DEBUG_INFORMATION_FORMAT = "dwarf-with-dsym";
				ENABLE_NS_ASSERTIONS = NO;
				ENABLE_STRICT_OBJC_MSGSEND = YES;
				ENABLE_USER_SCRIPT_SANDBOXING = YES;
				GCC_C_LANGUAGE_STANDARD = gnu17;
				GCC_NO_COMMON_BLOCKS = YES;
				GCC_WARN_64_TO_32_BIT_CONVERSION = YES;
				GCC_WARN_ABOUT_RETURN_TYPE = YES_ERROR;
				GCC_WARN_UNDECLARED_SELECTOR = YES;
				GCC_WARN_UNINITIALIZED_AUTOS = YES_AGGRESSIVE;
				GCC_WARN_UNUSED_FUNCTION = YES;
				GCC_WARN_UNUSED_VARIABLE = YES;
				IPHONEOS_DEPLOYMENT_TARGET = 17.0;
				LOCALIZATION_PREFERS_STRING_CATALOGS = YES;
				MTL_ENABLE_DEBUG_INFO = NO;
				MTL_FAST_MATH = YES;
				SDKROOT = iphoneos;
				SWIFT_COMPILATION_MODE = wholemodule;
				VALIDATE_PRODUCT = YES;
			};
			name = Release;
		};
		7F337E9A2B46968F0089ACAF /* Debug */ = {
			isa = XCBuildConfiguration;
			buildSettings = {
				ASSETCATALOG_COMPILER_APPICON_NAME = AppIcon;
				ASSETCATALOG_COMPILER_GLOBAL_ACCENT_COLOR_NAME = AccentColor;
				CODE_SIGN_STYLE = Automatic;
				CURRENT_PROJECT_VERSION = 1;
				DEVELOPMENT_ASSET_PATHS = "\"Landmarks/Preview Content\"";
				DEVELOPMENT_TEAM = TU8YV9MV8Q;
				ENABLE_PREVIEWS = YES;
				GENERATE_INFOPLIST_FILE = YES;
				INFOPLIST_KEY_UIApplicationSceneManifest_Generation = YES;
				INFOPLIST_KEY_UIApplicationSupportsIndirectInputEvents = YES;
				INFOPLIST_KEY_UILaunchScreen_Generation = YES;
				INFOPLIST_KEY_UISupportedInterfaceOrientations_iPad = "UIInterfaceOrientationPortrait UIInterfaceOrientationPortraitUpsideDown UIInterfaceOrientationLandscapeLeft UIInterfaceOrientationLandscapeRight";
				INFOPLIST_KEY_UISupportedInterfaceOrientations_iPhone = "UIInterfaceOrientationPortrait UIInterfaceOrientationLandscapeLeft UIInterfaceOrientationLandscapeRight";
				LD_RUNPATH_SEARCH_PATHS = (
					"$(inherited)",
					"@executable_path/Frameworks",
				);
				MARKETING_VERSION = 1.0;
				PRODUCT_BUNDLE_IDENTIFIER = com.jwios.Landmarks;
				PRODUCT_NAME = "$(TARGET_NAME)";
				SWIFT_EMIT_LOC_STRINGS = YES;
				SWIFT_VERSION = 5.0;
				TARGETED_DEVICE_FAMILY = "1,2";
			};
			name = Debug;
		};
		7F337E9B2B46968F0089ACAF /* Release */ = {
			isa = XCBuildConfiguration;
			buildSettings = {
				ASSETCATALOG_COMPILER_APPICON_NAME = AppIcon;
				ASSETCATALOG_COMPILER_GLOBAL_ACCENT_COLOR_NAME = AccentColor;
				CODE_SIGN_STYLE = Automatic;
				CURRENT_PROJECT_VERSION = 1;
				DEVELOPMENT_ASSET_PATHS = "\"Landmarks/Preview Content\"";
				DEVELOPMENT_TEAM = TU8YV9MV8Q;
				ENABLE_PREVIEWS = YES;
				GENERATE_INFOPLIST_FILE = YES;
				INFOPLIST_KEY_UIApplicationSceneManifest_Generation = YES;
				INFOPLIST_KEY_UIApplicationSupportsIndirectInputEvents = YES;
				INFOPLIST_KEY_UILaunchScreen_Generation = YES;
				INFOPLIST_KEY_UISupportedInterfaceOrientations_iPad = "UIInterfaceOrientationPortrait UIInterfaceOrientationPortraitUpsideDown UIInterfaceOrientationLandscapeLeft UIInterfaceOrientationLandscapeRight";
				INFOPLIST_KEY_UISupportedInterfaceOrientations_iPhone = "UIInterfaceOrientationPortrait UIInterfaceOrientationLandscapeLeft UIInterfaceOrientationLandscapeRight";
				LD_RUNPATH_SEARCH_PATHS = (
					"$(inherited)",
					"@executable_path/Frameworks",
				);
				MARKETING_VERSION = 1.0;
				PRODUCT_BUNDLE_IDENTIFIER = com.jwios.Landmarks;
				PRODUCT_NAME = "$(TARGET_NAME)";
				SWIFT_EMIT_LOC_STRINGS = YES;
				SWIFT_VERSION = 5.0;
				TARGETED_DEVICE_FAMILY = "1,2";
			};
			name = Release;
		};
/* End XCBuildConfiguration section */

/* Begin XCConfigurationList section */
		7F337E862B46968C0089ACAF /* Build configuration list for PBXProject "Landmarks" */ = {
			isa = XCConfigurationList;
			buildConfigurations = (
				7F337E972B46968F0089ACAF /* Debug */,
				7F337E982B46968F0089ACAF /* Release */,
			);
			defaultConfigurationIsVisible = 0;
			defaultConfigurationName = Release;
		};
		7F337E992B46968F0089ACAF /* Build configuration list for PBXNativeTarget "Landmarks" */ = {
			isa = XCConfigurationList;
			buildConfigurations = (
				7F337E9A2B46968F0089ACAF /* Debug */,
				7F337E9B2B46968F0089ACAF /* Release */,
			);
			defaultConfigurationIsVisible = 0;
			defaultConfigurationName = Release;
		};
/* End XCConfigurationList section */
	};
	rootObject = 7F337E832B46968C0089ACAF /* Project object */;
}
